
Microsoft Visual Studio Solution File, Format Version 12.00
# Visual Studio Version 17
VisualStudioVersion = 17.0.31903.59
MinimumVisualStudioVersion = 10.0.40219.1
Project("{2150E333-8FDC-42A3-9474-1A3956D46DE8}") = "src", "src", "{B226EE9A-15AB-4A4A-8592-C16D5D4AEFCA}"
EndProject
Project("{FAE04EC0-301F-11D3-BF4B-00C04F79EFBC}") = "MessageCheck", "src\MessageCheck\MessageCheck.csproj", "{7190792E-4642-4FBF-BF53-9364D4119BC8}"
EndProject
Project("{2150E333-8FDC-42A3-9474-1A3956D46DE8}") = "tests", "tests", "{BE71B90B-8F2E-4AEE-A1FC-F1282D6E5762}"
EndProject
Project("{FAE04EC0-301F-11D3-BF4B-00C04F79EFBC}") = "MessageCheck.Tests", "tests\MessageCheck.Tests\MessageCheck.Tests.csproj", "{CFDF9E77-9C11-48D0-AB54-44767A96E983}"
EndProject
Global
	GlobalSection(SolutionConfigurationPlatforms) = preSolution
		Debug|Any CPU = Debug|Any CPU
		Release|Any CPU = Release|Any CPU
	EndGlobalSection
	GlobalSection(SolutionProperties) = preSolution
		HideSolutionNode = FALSE
	EndGlobalSection
	GlobalSection(ProjectConfigurationPlatforms) = postSolution
		{7190792E-4642-4FBF-BF53-9364D4119BC8}.Debug|Any CPU.ActiveCfg = Debug|Any CPU
		{7190792E-4642-4FBF-BF53-9364D4119BC8}.Debug|Any CPU.Build.0 = Debug|Any CPU
		{7190792E-4642-4FBF-BF53-9364D4119BC8}.Release|Any CPU.ActiveCfg = Release|Any CPU
		{7190792E-4642-4FBF-BF53-9364D4119BC8}.Release|Any CPU.Build.0 = Release|Any CPU
		{CFDF9E77-9C11-48D0-AB54-44767A96E983}.Debug|Any CPU.ActiveCfg = Debug|Any CPU
		{CFDF9E77-9C11-48D0-AB54-44767A96E983}.Debug|Any CPU.Build.0 = Debug|Any CPU
		{CFDF9E77-9C11-48D0-AB54-44767A96E983}.Release|Any CPU.ActiveCfg = Release|Any CPU
		{CFDF9E77-9C11-48D0-AB54-44767A96E983}.Release|Any CPU.Build.0 = Release|Any CPU
	EndGlobalSection
	GlobalSection(NestedProjects) = preSolution
		{7190792E-4642-4FBF-BF53-9364D4119BC8} = {B226EE9A-15AB-4A4A-8592-C16D5D4AEFCA}
		{CFDF9E77-9C11-48D0-AB54-44767A96E983} = {BE71B90B-8F2E-4AEE-A1FC-F1282D6E5762}
	EndGlobalSection
EndGlobal
